{
  "version": 4,
  "terraform_version": "1.9.5",
  "serial": 17,
  "lineage": "baf3b952-5d77-4dfd-2526-dc7f55f44604",
  "outputs": {
    "network_interfaces_debug": {
      "value": [
        []
      ],
      "type": [
        "tuple",
        [
          [
            "list",
            [
              "object",
              {
                "addresses": [
                  "list",
                  "string"
                ],
                "bridge": "string",
                "hostname": "string",
                "mac": "string",
                "macvtap": "string",
                "network_id": "string",
                "network_name": "string",
                "passthrough": "string",
                "vepa": "string",
                "wait_for_lease": "bool"
              }
            ]
          ]
        ]
      ]
    },
    "vm_ips": {
      "value": [
        [
          "No Network Interface"
        ]
      ],
      "type": [
        "tuple",
        [
          [
            "tuple",
            [
              "string"
            ]
          ]
        ]
      ]
    },
    "vm_names": {
      "value": [
        "test-vm-0"
      ],
      "type": [
        "tuple",
        [
          "string"
        ]
      ]
    }
  },
  "resources": [
    {
      "mode": "managed",
      "type": "libvirt_network",
      "name": "vm_networks",
      "provider": "provider[\"registry.terraform.io/dmacvicar/libvirt\"]",
      "instances": []
    },
    {
      "mode": "managed",
      "type": "libvirt_pool",
      "name": "vm_storage_pool",
      "provider": "provider[\"registry.terraform.io/dmacvicar/libvirt\"]",
      "instances": [
        {
          "schema_version": 0,
          "attributes": {
            "allocation": 118002577408,
            "available": 132372529152,
            "capacity": 250375106560,
            "id": "7c201ff3-8c4b-4b3e-aba6-153fe2848354",
            "name": "terraform-storage-pool-20240918",
            "path": "/var/lib/libvirt/images/terraform-storage-pool-20240918",
            "type": "dir",
            "xml": []
          },
          "sensitive_attributes": [],
          "private": "bnVsbA=="
        }
      ]
    },
    {
      "mode": "managed",
      "type": "libvirt_volume",
      "name": "vm_disks",
      "provider": "provider[\"registry.terraform.io/dmacvicar/libvirt\"]",
      "instances": [
        {
          "index_key": 0,
          "schema_version": 0,
          "attributes": {
            "base_volume_id": null,
            "base_volume_name": null,
            "base_volume_pool": null,
            "format": "qcow2",
            "id": "/var/lib/libvirt/images/terraform-storage-pool-20240918/test-vm-0-disk0",
            "name": "test-vm-0-disk0",
            "pool": "terraform-storage-pool-20240918",
            "size": 10737418240,
            "source": null,
            "xml": []
          },
          "sensitive_attributes": [],
          "private": "bnVsbA==",
          "dependencies": [
            "libvirt_pool.vm_storage_pool"
          ]
        }
      ]
    }
  ],
  "check_results": null
}
